
Microsoft Visual Studio Solution File, Format Version 12.00
# Visual Studio 2013
VisualStudioVersion = 12.0.21005.1
MinimumVisualStudioVersion = 10.0.40219.1
Project("{FAE04EC0-301F-11D3-BF4B-00C04F79EFBC}") = "EmployeeServer", "EmployeeServer\EmployeeServer.csproj", "{B6F646C0-D92D-4B36-A0D0-06ED59204D2F}"
EndProject
Project("{E24C65DC-7377-472B-9ABA-BC803B73C61A}") = "3_Angular_WebAPI_MVC", "http://localhost:14814", "{EC996F36-794D-42C7-8AC3-1CEF38D520AA}"
	ProjectSection(WebsiteProperties) = preProject
		UseIISExpress = "true"
		TargetFrameworkMoniker = ".NETFramework,Version%3Dv4.0"
		Debug.AspNetCompiler.VirtualPath = "/localhost_14814"
		Debug.AspNetCompiler.PhysicalPath = "..\..\3_Angular_WebAPI_MVC\"
		Debug.AspNetCompiler.TargetPath = "PrecompiledWeb\localhost_14814\"
		Debug.AspNetCompiler.Updateable = "true"
		Debug.AspNetCompiler.ForceOverwrite = "true"
		Debug.AspNetCompiler.FixedNames = "false"
		Debug.AspNetCompiler.Debug = "True"
		Release.AspNetCompiler.VirtualPath = "/localhost_14814"
		Release.AspNetCompiler.PhysicalPath = "..\..\3_Angular_WebAPI_MVC\"
		Release.AspNetCompiler.TargetPath = "PrecompiledWeb\localhost_14814\"
		Release.AspNetCompiler.Updateable = "true"
		Release.AspNetCompiler.ForceOverwrite = "true"
		Release.AspNetCompiler.FixedNames = "false"
		Release.AspNetCompiler.Debug = "False"
		SlnRelativePath = "..\..\3_Angular_WebAPI_MVC\"
	EndProjectSection
EndProject
Global
	GlobalSection(SolutionConfigurationPlatforms) = preSolution
		Debug|Any CPU = Debug|Any CPU
		Release|Any CPU = Release|Any CPU
	EndGlobalSection
	GlobalSection(ProjectConfigurationPlatforms) = postSolution
		{B6F646C0-D92D-4B36-A0D0-06ED59204D2F}.Debug|Any CPU.ActiveCfg = Debug|Any CPU
		{B6F646C0-D92D-4B36-A0D0-06ED59204D2F}.Debug|Any CPU.Build.0 = Debug|Any CPU
		{B6F646C0-D92D-4B36-A0D0-06ED59204D2F}.Release|Any CPU.ActiveCfg = Release|Any CPU
		{B6F646C0-D92D-4B36-A0D0-06ED59204D2F}.Release|Any CPU.Build.0 = Release|Any CPU
		{EC996F36-794D-42C7-8AC3-1CEF38D520AA}.Debug|Any CPU.ActiveCfg = Debug|Any CPU
		{EC996F36-794D-42C7-8AC3-1CEF38D520AA}.Debug|Any CPU.Build.0 = Debug|Any CPU
		{EC996F36-794D-42C7-8AC3-1CEF38D520AA}.Release|Any CPU.ActiveCfg = Debug|Any CPU
		{EC996F36-794D-42C7-8AC3-1CEF38D520AA}.Release|Any CPU.Build.0 = Debug|Any CPU
	EndGlobalSection
	GlobalSection(SolutionProperties) = preSolution
		HideSolutionNode = FALSE
	EndGlobalSection
EndGlobal
