
Microsoft Visual Studio Solution File, Format Version 12.00
# Visual Studio 2013
VisualStudioVersion = 12.0.21005.1
MinimumVisualStudioVersion = 10.0.40219.1
Project("{FAE04EC0-301F-11D3-BF4B-00C04F79EFBC}") = "EmployeeServer", "EmployeeServer\EmployeeServer.csproj", "{B6F646C0-D92D-4B36-A0D0-06ED59204D2F}"
EndProject
Project("{E24C65DC-7377-472B-9ABA-BC803B73C61A}") = "5_Angular_CustomDirectives_Isolation_Restrict", "http://localhost:1287", "{02341FA5-D472-41E5-932E-EACFFC9285AC}"
	ProjectSection(WebsiteProperties) = preProject
		UseIISExpress = "true"
		TargetFrameworkMoniker = ".NETFramework,Version%3Dv4.0"
		Debug.AspNetCompiler.VirtualPath = "/localhost_1287"
		Debug.AspNetCompiler.PhysicalPath = "..\..\5_Angular_CustomDirectives_Isolation_Restrict\"
		Debug.AspNetCompiler.TargetPath = "PrecompiledWeb\localhost_1287\"
		Debug.AspNetCompiler.Updateable = "true"
		Debug.AspNetCompiler.ForceOverwrite = "true"
		Debug.AspNetCompiler.FixedNames = "false"
		Debug.AspNetCompiler.Debug = "True"
		Release.AspNetCompiler.VirtualPath = "/localhost_1287"
		Release.AspNetCompiler.PhysicalPath = "..\..\5_Angular_CustomDirectives_Isolation_Restrict\"
		Release.AspNetCompiler.TargetPath = "PrecompiledWeb\localhost_1287\"
		Release.AspNetCompiler.Updateable = "true"
		Release.AspNetCompiler.ForceOverwrite = "true"
		Release.AspNetCompiler.FixedNames = "false"
		Release.AspNetCompiler.Debug = "False"
		SlnRelativePath = "..\..\5_Angular_CustomDirectives_Isolation_Restrict\"
	EndProjectSection
EndProject
Global
	GlobalSection(SolutionConfigurationPlatforms) = preSolution
		Debug|Any CPU = Debug|Any CPU
		Release|Any CPU = Release|Any CPU
	EndGlobalSection
	GlobalSection(ProjectConfigurationPlatforms) = postSolution
		{B6F646C0-D92D-4B36-A0D0-06ED59204D2F}.Debug|Any CPU.ActiveCfg = Debug|Any CPU
		{B6F646C0-D92D-4B36-A0D0-06ED59204D2F}.Debug|Any CPU.Build.0 = Debug|Any CPU
		{B6F646C0-D92D-4B36-A0D0-06ED59204D2F}.Release|Any CPU.ActiveCfg = Release|Any CPU
		{B6F646C0-D92D-4B36-A0D0-06ED59204D2F}.Release|Any CPU.Build.0 = Release|Any CPU
		{02341FA5-D472-41E5-932E-EACFFC9285AC}.Debug|Any CPU.ActiveCfg = Debug|Any CPU
		{02341FA5-D472-41E5-932E-EACFFC9285AC}.Debug|Any CPU.Build.0 = Debug|Any CPU
		{02341FA5-D472-41E5-932E-EACFFC9285AC}.Release|Any CPU.ActiveCfg = Debug|Any CPU
		{02341FA5-D472-41E5-932E-EACFFC9285AC}.Release|Any CPU.Build.0 = Debug|Any CPU
	EndGlobalSection
	GlobalSection(SolutionProperties) = preSolution
		HideSolutionNode = FALSE
	EndGlobalSection
EndGlobal
